
Microsoft Visual Studio Solution File, Format Version 12.00
# Visual Studio 15
VisualStudioVersion = 15.0.28307.489
MinimumVisualStudioVersion = 10.0.40219.1
Project("{FAE04EC0-301F-11D3-BF4B-00C04F79EFBC}") = "MarginDevourer", "MarginDevourer\MarginDevourer.csproj", "{45BED70E-0284-41C7-94B8-D4834AB7E2A2}"
EndProject
Project("{FAE04EC0-301F-11D3-BF4B-00C04F79EFBC}") = "LogTrace", "LogTrace\LogTrace.csproj", "{48F97D5F-6D64-4B02-9128-9175D2E986FA}"
EndProject
Project("{FAE04EC0-301F-11D3-BF4B-00C04F79EFBC}") = "Common", "Common\Common.csproj", "{63541ED1-F391-4717-8EB2-04F15FF9A4A3}"
EndProject
Project("{FAE04EC0-301F-11D3-BF4B-00C04F79EFBC}") = "LogTrace.Tests", "LogTrace.Tests\LogTrace.Tests.csproj", "{25D04218-CC9B-4468-B08B-E89F99A1D14B}"
EndProject
Project("{FAE04EC0-301F-11D3-BF4B-00C04F79EFBC}") = "Configuration", "Configuration\Configuration.csproj", "{76981AF5-A2FC-49B0-B18B-F8DE3F5CE63E}"
EndProject
Project("{FAE04EC0-301F-11D3-BF4B-00C04F79EFBC}") = "Database", "DbController\Database.csproj", "{EA37F62F-4C67-4D72-B605-9F0C1D71D098}"
EndProject
Project("{FAE04EC0-301F-11D3-BF4B-00C04F79EFBC}") = "DataModels", "DataModels\DataModels.csproj", "{15B2A08D-4007-4F8A-AA8D-2EEA639EFD84}"
EndProject
Project("{FAE04EC0-301F-11D3-BF4B-00C04F79EFBC}") = "CommonTests", "CommonTests\CommonTests.csproj", "{604F99A9-356B-4451-A88B-19B0D40EA3D2}"
EndProject
Project("{FAE04EC0-301F-11D3-BF4B-00C04F79EFBC}") = "Exceptions", "Exceptions\Exceptions.csproj", "{1ACF53C2-EACE-4F0A-B586-D2D1FA8A7255}"
EndProject
Project("{FAE04EC0-301F-11D3-BF4B-00C04F79EFBC}") = "Markets", "Markets\Markets.csproj", "{2A3702E5-DF55-4943-95C5-6A458B38646E}"
EndProject
Project("{FAE04EC0-301F-11D3-BF4B-00C04F79EFBC}") = "Communication", "Communication\Communication.csproj", "{9FFF4C02-C5E6-4EE3-85F3-11EBA917DC3B}"
EndProject
Project("{FAE04EC0-301F-11D3-BF4B-00C04F79EFBC}") = "Markets.Tests", "Markets.Tests\Markets.Tests.csproj", "{150B9F3E-3DEE-46DD-9143-DE6996BC31B6}"
EndProject
Project("{FAE04EC0-301F-11D3-BF4B-00C04F79EFBC}") = "OrderBookHandler", "OrderBookHandler\OrderBookHandler.csproj", "{931E3F85-DD4D-45B9-8EB9-3D0B461C5727}"
EndProject
Project("{FAE04EC0-301F-11D3-BF4B-00C04F79EFBC}") = "OrderBookHandler.Tests", "OrderBookHandler.Tests\OrderBookHandler.Tests.csproj", "{686E8C79-83B7-4AC2-9421-0DF0F8966A87}"
EndProject
Project("{FAE04EC0-301F-11D3-BF4B-00C04F79EFBC}") = "Traders", "Traders\Traders.csproj", "{3B330EB9-8CCE-4E63-80DE-92AC8229DD20}"
EndProject
Project("{FAE04EC0-301F-11D3-BF4B-00C04F79EFBC}") = "Traders.Tests", "Traders.Tests\Traders.Tests.csproj", "{E66DA85A-94AF-4968-8972-E1597009A424}"
EndProject
Project("{FAE04EC0-301F-11D3-BF4B-00C04F79EFBC}") = "CommunicationTests", "CommunicationTests\CommunicationTests.csproj", "{65AA843A-65BE-4DAB-BB77-747C7DA3AD31}"
EndProject
Project("{FAE04EC0-301F-11D3-BF4B-00C04F79EFBC}") = "MessageBuilders", "MessageBuilders\MessageBuilders.csproj", "{DDF7E85A-9FE3-498F-ACD1-83B097518F72}"
EndProject
Project("{FAE04EC0-301F-11D3-BF4B-00C04F79EFBC}") = "MessageBuilders.Tests", "MessageBuilders.Tests\MessageBuilders.Tests.csproj", "{54F4B9A2-B2F7-4AE4-B5D7-37BE14AEBCA3}"
EndProject
Project("{FAE04EC0-301F-11D3-BF4B-00C04F79EFBC}") = "CalculationEngine", "CalculationEngine\CalculationEngine.csproj", "{FBB1DA4F-402F-4CAC-8256-1EF11DAB3DED}"
EndProject
Project("{FAE04EC0-301F-11D3-BF4B-00C04F79EFBC}") = "Workers", "Workers\Workers.csproj", "{E4A4132D-A5FA-4260-A7B9-50B3BA1965D5}"
EndProject
Project("{FAE04EC0-301F-11D3-BF4B-00C04F79EFBC}") = "Workers.Tests", "Workers.Tests\Workers.Tests.csproj", "{39FFB298-219D-465A-83B4-E6915AB73F31}"
EndProject
Project("{FAE04EC0-301F-11D3-BF4B-00C04F79EFBC}") = "TidGenerators", "TidGenerators\TidGenerators.csproj", "{8EE5CA9F-D798-4B89-BA15-D2711414FD64}"
EndProject
Project("{FAE04EC0-301F-11D3-BF4B-00C04F79EFBC}") = "DataUpdater", "DataUpdater\DataUpdater.csproj", "{4EAF16F4-DEE8-4837-82A9-55C445F79576}"
EndProject
Project("{FAE04EC0-301F-11D3-BF4B-00C04F79EFBC}") = "CalculationEngine.Tests", "CalculationEngine.Tests\CalculationEngine.Tests.csproj", "{DB356BBE-06DE-4F6B-9BFB-48D31A1FCE3F}"
EndProject
Project("{FAE04EC0-301F-11D3-BF4B-00C04F79EFBC}") = "MDWindow", "MDWindow\MDWindow.csproj", "{34C76871-C3E2-4C41-B99A-B927D36537A1}"
EndProject
Global
	GlobalSection(SolutionConfigurationPlatforms) = preSolution
		Debug|Any CPU = Debug|Any CPU
		Debug|x64 = Debug|x64
		Debug|x86 = Debug|x86
		Release|Any CPU = Release|Any CPU
		Release|x64 = Release|x64
		Release|x86 = Release|x86
	EndGlobalSection
	GlobalSection(ProjectConfigurationPlatforms) = postSolution
		{45BED70E-0284-41C7-94B8-D4834AB7E2A2}.Debug|Any CPU.ActiveCfg = Debug|Any CPU
		{45BED70E-0284-41C7-94B8-D4834AB7E2A2}.Debug|Any CPU.Build.0 = Debug|Any CPU
		{45BED70E-0284-41C7-94B8-D4834AB7E2A2}.Debug|x64.ActiveCfg = Debug|x64
		{45BED70E-0284-41C7-94B8-D4834AB7E2A2}.Debug|x64.Build.0 = Debug|x64
		{45BED70E-0284-41C7-94B8-D4834AB7E2A2}.Debug|x86.ActiveCfg = Debug|x86
		{45BED70E-0284-41C7-94B8-D4834AB7E2A2}.Debug|x86.Build.0 = Debug|x86
		{45BED70E-0284-41C7-94B8-D4834AB7E2A2}.Release|Any CPU.ActiveCfg = Release|Any CPU
		{45BED70E-0284-41C7-94B8-D4834AB7E2A2}.Release|Any CPU.Build.0 = Release|Any CPU
		{45BED70E-0284-41C7-94B8-D4834AB7E2A2}.Release|x64.ActiveCfg = Release|x64
		{45BED70E-0284-41C7-94B8-D4834AB7E2A2}.Release|x64.Build.0 = Release|x64
		{45BED70E-0284-41C7-94B8-D4834AB7E2A2}.Release|x86.ActiveCfg = Release|x86
		{45BED70E-0284-41C7-94B8-D4834AB7E2A2}.Release|x86.Build.0 = Release|x86
		{48F97D5F-6D64-4B02-9128-9175D2E986FA}.Debug|Any CPU.ActiveCfg = Debug|Any CPU
		{48F97D5F-6D64-4B02-9128-9175D2E986FA}.Debug|Any CPU.Build.0 = Debug|Any CPU
		{48F97D5F-6D64-4B02-9128-9175D2E986FA}.Debug|x64.ActiveCfg = Debug|x64
		{48F97D5F-6D64-4B02-9128-9175D2E986FA}.Debug|x64.Build.0 = Debug|x64
		{48F97D5F-6D64-4B02-9128-9175D2E986FA}.Debug|x86.ActiveCfg = Debug|x86
		{48F97D5F-6D64-4B02-9128-9175D2E986FA}.Debug|x86.Build.0 = Debug|x86
		{48F97D5F-6D64-4B02-9128-9175D2E986FA}.Release|Any CPU.ActiveCfg = Release|Any CPU
		{48F97D5F-6D64-4B02-9128-9175D2E986FA}.Release|Any CPU.Build.0 = Release|Any CPU
		{48F97D5F-6D64-4B02-9128-9175D2E986FA}.Release|x64.ActiveCfg = Release|x64
		{48F97D5F-6D64-4B02-9128-9175D2E986FA}.Release|x64.Build.0 = Release|x64
		{48F97D5F-6D64-4B02-9128-9175D2E986FA}.Release|x86.ActiveCfg = Release|x86
		{48F97D5F-6D64-4B02-9128-9175D2E986FA}.Release|x86.Build.0 = Release|x86
		{63541ED1-F391-4717-8EB2-04F15FF9A4A3}.Debug|Any CPU.ActiveCfg = Debug|Any CPU
		{63541ED1-F391-4717-8EB2-04F15FF9A4A3}.Debug|Any CPU.Build.0 = Debug|Any CPU
		{63541ED1-F391-4717-8EB2-04F15FF9A4A3}.Debug|x64.ActiveCfg = Debug|x64
		{63541ED1-F391-4717-8EB2-04F15FF9A4A3}.Debug|x64.Build.0 = Debug|x64
		{63541ED1-F391-4717-8EB2-04F15FF9A4A3}.Debug|x86.ActiveCfg = Debug|x86
		{63541ED1-F391-4717-8EB2-04F15FF9A4A3}.Debug|x86.Build.0 = Debug|x86
		{63541ED1-F391-4717-8EB2-04F15FF9A4A3}.Release|Any CPU.ActiveCfg = Release|Any CPU
		{63541ED1-F391-4717-8EB2-04F15FF9A4A3}.Release|Any CPU.Build.0 = Release|Any CPU
		{63541ED1-F391-4717-8EB2-04F15FF9A4A3}.Release|x64.ActiveCfg = Release|x64
		{63541ED1-F391-4717-8EB2-04F15FF9A4A3}.Release|x64.Build.0 = Release|x64
		{63541ED1-F391-4717-8EB2-04F15FF9A4A3}.Release|x86.ActiveCfg = Release|x86
		{63541ED1-F391-4717-8EB2-04F15FF9A4A3}.Release|x86.Build.0 = Release|x86
		{25D04218-CC9B-4468-B08B-E89F99A1D14B}.Debug|Any CPU.ActiveCfg = Debug|Any CPU
		{25D04218-CC9B-4468-B08B-E89F99A1D14B}.Debug|Any CPU.Build.0 = Debug|Any CPU
		{25D04218-CC9B-4468-B08B-E89F99A1D14B}.Debug|x64.ActiveCfg = Debug|x64
		{25D04218-CC9B-4468-B08B-E89F99A1D14B}.Debug|x64.Build.0 = Debug|x64
		{25D04218-CC9B-4468-B08B-E89F99A1D14B}.Debug|x86.ActiveCfg = Debug|x86
		{25D04218-CC9B-4468-B08B-E89F99A1D14B}.Debug|x86.Build.0 = Debug|x86
		{25D04218-CC9B-4468-B08B-E89F99A1D14B}.Release|Any CPU.ActiveCfg = Release|Any CPU
		{25D04218-CC9B-4468-B08B-E89F99A1D14B}.Release|Any CPU.Build.0 = Release|Any CPU
		{25D04218-CC9B-4468-B08B-E89F99A1D14B}.Release|x64.ActiveCfg = Release|x64
		{25D04218-CC9B-4468-B08B-E89F99A1D14B}.Release|x64.Build.0 = Release|x64
		{25D04218-CC9B-4468-B08B-E89F99A1D14B}.Release|x86.ActiveCfg = Release|x86
		{25D04218-CC9B-4468-B08B-E89F99A1D14B}.Release|x86.Build.0 = Release|x86
		{76981AF5-A2FC-49B0-B18B-F8DE3F5CE63E}.Debug|Any CPU.ActiveCfg = Debug|Any CPU
		{76981AF5-A2FC-49B0-B18B-F8DE3F5CE63E}.Debug|Any CPU.Build.0 = Debug|Any CPU
		{76981AF5-A2FC-49B0-B18B-F8DE3F5CE63E}.Debug|x64.ActiveCfg = Debug|x64
		{76981AF5-A2FC-49B0-B18B-F8DE3F5CE63E}.Debug|x64.Build.0 = Debug|x64
		{76981AF5-A2FC-49B0-B18B-F8DE3F5CE63E}.Debug|x86.ActiveCfg = Debug|x86
		{76981AF5-A2FC-49B0-B18B-F8DE3F5CE63E}.Debug|x86.Build.0 = Debug|x86
		{76981AF5-A2FC-49B0-B18B-F8DE3F5CE63E}.Release|Any CPU.ActiveCfg = Release|Any CPU
		{76981AF5-A2FC-49B0-B18B-F8DE3F5CE63E}.Release|Any CPU.Build.0 = Release|Any CPU
		{76981AF5-A2FC-49B0-B18B-F8DE3F5CE63E}.Release|x64.ActiveCfg = Release|x64
		{76981AF5-A2FC-49B0-B18B-F8DE3F5CE63E}.Release|x64.Build.0 = Release|x64
		{76981AF5-A2FC-49B0-B18B-F8DE3F5CE63E}.Release|x86.ActiveCfg = Release|x86
		{76981AF5-A2FC-49B0-B18B-F8DE3F5CE63E}.Release|x86.Build.0 = Release|x86
		{EA37F62F-4C67-4D72-B605-9F0C1D71D098}.Debug|Any CPU.ActiveCfg = Debug|Any CPU
		{EA37F62F-4C67-4D72-B605-9F0C1D71D098}.Debug|Any CPU.Build.0 = Debug|Any CPU
		{EA37F62F-4C67-4D72-B605-9F0C1D71D098}.Debug|x64.ActiveCfg = Debug|x64
		{EA37F62F-4C67-4D72-B605-9F0C1D71D098}.Debug|x64.Build.0 = Debug|x64
		{EA37F62F-4C67-4D72-B605-9F0C1D71D098}.Debug|x86.ActiveCfg = Debug|x86
		{EA37F62F-4C67-4D72-B605-9F0C1D71D098}.Debug|x86.Build.0 = Debug|x86
		{EA37F62F-4C67-4D72-B605-9F0C1D71D098}.Release|Any CPU.ActiveCfg = Release|Any CPU
		{EA37F62F-4C67-4D72-B605-9F0C1D71D098}.Release|Any CPU.Build.0 = Release|Any CPU
		{EA37F62F-4C67-4D72-B605-9F0C1D71D098}.Release|x64.ActiveCfg = Release|x64
		{EA37F62F-4C67-4D72-B605-9F0C1D71D098}.Release|x64.Build.0 = Release|x64
		{EA37F62F-4C67-4D72-B605-9F0C1D71D098}.Release|x86.ActiveCfg = Release|x86
		{EA37F62F-4C67-4D72-B605-9F0C1D71D098}.Release|x86.Build.0 = Release|x86
		{15B2A08D-4007-4F8A-AA8D-2EEA639EFD84}.Debug|Any CPU.ActiveCfg = Debug|Any CPU
		{15B2A08D-4007-4F8A-AA8D-2EEA639EFD84}.Debug|Any CPU.Build.0 = Debug|Any CPU
		{15B2A08D-4007-4F8A-AA8D-2EEA639EFD84}.Debug|x64.ActiveCfg = Debug|x64
		{15B2A08D-4007-4F8A-AA8D-2EEA639EFD84}.Debug|x64.Build.0 = Debug|x64
		{15B2A08D-4007-4F8A-AA8D-2EEA639EFD84}.Debug|x86.ActiveCfg = Debug|x86
		{15B2A08D-4007-4F8A-AA8D-2EEA639EFD84}.Debug|x86.Build.0 = Debug|x86
		{15B2A08D-4007-4F8A-AA8D-2EEA639EFD84}.Release|Any CPU.ActiveCfg = Release|Any CPU
		{15B2A08D-4007-4F8A-AA8D-2EEA639EFD84}.Release|Any CPU.Build.0 = Release|Any CPU
		{15B2A08D-4007-4F8A-AA8D-2EEA639EFD84}.Release|x64.ActiveCfg = Release|x64
		{15B2A08D-4007-4F8A-AA8D-2EEA639EFD84}.Release|x64.Build.0 = Release|x64
		{15B2A08D-4007-4F8A-AA8D-2EEA639EFD84}.Release|x86.ActiveCfg = Release|x86
		{15B2A08D-4007-4F8A-AA8D-2EEA639EFD84}.Release|x86.Build.0 = Release|x86
		{604F99A9-356B-4451-A88B-19B0D40EA3D2}.Debug|Any CPU.ActiveCfg = Debug|Any CPU
		{604F99A9-356B-4451-A88B-19B0D40EA3D2}.Debug|Any CPU.Build.0 = Debug|Any CPU
		{604F99A9-356B-4451-A88B-19B0D40EA3D2}.Debug|x64.ActiveCfg = Debug|x64
		{604F99A9-356B-4451-A88B-19B0D40EA3D2}.Debug|x64.Build.0 = Debug|x64
		{604F99A9-356B-4451-A88B-19B0D40EA3D2}.Debug|x86.ActiveCfg = Debug|x86
		{604F99A9-356B-4451-A88B-19B0D40EA3D2}.Debug|x86.Build.0 = Debug|x86
		{604F99A9-356B-4451-A88B-19B0D40EA3D2}.Release|Any CPU.ActiveCfg = Release|Any CPU
		{604F99A9-356B-4451-A88B-19B0D40EA3D2}.Release|Any CPU.Build.0 = Release|Any CPU
		{604F99A9-356B-4451-A88B-19B0D40EA3D2}.Release|x64.ActiveCfg = Release|x64
		{604F99A9-356B-4451-A88B-19B0D40EA3D2}.Release|x64.Build.0 = Release|x64
		{604F99A9-356B-4451-A88B-19B0D40EA3D2}.Release|x86.ActiveCfg = Release|x86
		{604F99A9-356B-4451-A88B-19B0D40EA3D2}.Release|x86.Build.0 = Release|x86
		{1ACF53C2-EACE-4F0A-B586-D2D1FA8A7255}.Debug|Any CPU.ActiveCfg = Debug|Any CPU
		{1ACF53C2-EACE-4F0A-B586-D2D1FA8A7255}.Debug|Any CPU.Build.0 = Debug|Any CPU
		{1ACF53C2-EACE-4F0A-B586-D2D1FA8A7255}.Debug|x64.ActiveCfg = Debug|x64
		{1ACF53C2-EACE-4F0A-B586-D2D1FA8A7255}.Debug|x64.Build.0 = Debug|x64
		{1ACF53C2-EACE-4F0A-B586-D2D1FA8A7255}.Debug|x86.ActiveCfg = Debug|x86
		{1ACF53C2-EACE-4F0A-B586-D2D1FA8A7255}.Debug|x86.Build.0 = Debug|x86
		{1ACF53C2-EACE-4F0A-B586-D2D1FA8A7255}.Release|Any CPU.ActiveCfg = Release|Any CPU
		{1ACF53C2-EACE-4F0A-B586-D2D1FA8A7255}.Release|Any CPU.Build.0 = Release|Any CPU
		{1ACF53C2-EACE-4F0A-B586-D2D1FA8A7255}.Release|x64.ActiveCfg = Release|x64
		{1ACF53C2-EACE-4F0A-B586-D2D1FA8A7255}.Release|x64.Build.0 = Release|x64
		{1ACF53C2-EACE-4F0A-B586-D2D1FA8A7255}.Release|x86.ActiveCfg = Release|x86
		{1ACF53C2-EACE-4F0A-B586-D2D1FA8A7255}.Release|x86.Build.0 = Release|x86
		{2A3702E5-DF55-4943-95C5-6A458B38646E}.Debug|Any CPU.ActiveCfg = Debug|Any CPU
		{2A3702E5-DF55-4943-95C5-6A458B38646E}.Debug|Any CPU.Build.0 = Debug|Any CPU
		{2A3702E5-DF55-4943-95C5-6A458B38646E}.Debug|x64.ActiveCfg = Debug|x64
		{2A3702E5-DF55-4943-95C5-6A458B38646E}.Debug|x64.Build.0 = Debug|x64
		{2A3702E5-DF55-4943-95C5-6A458B38646E}.Debug|x86.ActiveCfg = Debug|x86
		{2A3702E5-DF55-4943-95C5-6A458B38646E}.Debug|x86.Build.0 = Debug|x86
		{2A3702E5-DF55-4943-95C5-6A458B38646E}.Release|Any CPU.ActiveCfg = Release|Any CPU
		{2A3702E5-DF55-4943-95C5-6A458B38646E}.Release|Any CPU.Build.0 = Release|Any CPU
		{2A3702E5-DF55-4943-95C5-6A458B38646E}.Release|x64.ActiveCfg = Release|x64
		{2A3702E5-DF55-4943-95C5-6A458B38646E}.Release|x64.Build.0 = Release|x64
		{2A3702E5-DF55-4943-95C5-6A458B38646E}.Release|x86.ActiveCfg = Release|x86
		{2A3702E5-DF55-4943-95C5-6A458B38646E}.Release|x86.Build.0 = Release|x86
		{9FFF4C02-C5E6-4EE3-85F3-11EBA917DC3B}.Debug|Any CPU.ActiveCfg = Debug|Any CPU
		{9FFF4C02-C5E6-4EE3-85F3-11EBA917DC3B}.Debug|Any CPU.Build.0 = Debug|Any CPU
		{9FFF4C02-C5E6-4EE3-85F3-11EBA917DC3B}.Debug|x64.ActiveCfg = Debug|x64
		{9FFF4C02-C5E6-4EE3-85F3-11EBA917DC3B}.Debug|x64.Build.0 = Debug|x64
		{9FFF4C02-C5E6-4EE3-85F3-11EBA917DC3B}.Debug|x86.ActiveCfg = Debug|x86
		{9FFF4C02-C5E6-4EE3-85F3-11EBA917DC3B}.Debug|x86.Build.0 = Debug|x86
		{9FFF4C02-C5E6-4EE3-85F3-11EBA917DC3B}.Release|Any CPU.ActiveCfg = Release|Any CPU
		{9FFF4C02-C5E6-4EE3-85F3-11EBA917DC3B}.Release|Any CPU.Build.0 = Release|Any CPU
		{9FFF4C02-C5E6-4EE3-85F3-11EBA917DC3B}.Release|x64.ActiveCfg = Release|x64
		{9FFF4C02-C5E6-4EE3-85F3-11EBA917DC3B}.Release|x64.Build.0 = Release|x64
		{9FFF4C02-C5E6-4EE3-85F3-11EBA917DC3B}.Release|x86.ActiveCfg = Release|x86
		{9FFF4C02-C5E6-4EE3-85F3-11EBA917DC3B}.Release|x86.Build.0 = Release|x86
		{150B9F3E-3DEE-46DD-9143-DE6996BC31B6}.Debug|Any CPU.ActiveCfg = Debug|Any CPU
		{150B9F3E-3DEE-46DD-9143-DE6996BC31B6}.Debug|Any CPU.Build.0 = Debug|Any CPU
		{150B9F3E-3DEE-46DD-9143-DE6996BC31B6}.Debug|x64.ActiveCfg = Debug|x64
		{150B9F3E-3DEE-46DD-9143-DE6996BC31B6}.Debug|x64.Build.0 = Debug|x64
		{150B9F3E-3DEE-46DD-9143-DE6996BC31B6}.Debug|x86.ActiveCfg = Debug|x86
		{150B9F3E-3DEE-46DD-9143-DE6996BC31B6}.Debug|x86.Build.0 = Debug|x86
		{150B9F3E-3DEE-46DD-9143-DE6996BC31B6}.Release|Any CPU.ActiveCfg = Release|Any CPU
		{150B9F3E-3DEE-46DD-9143-DE6996BC31B6}.Release|Any CPU.Build.0 = Release|Any CPU
		{150B9F3E-3DEE-46DD-9143-DE6996BC31B6}.Release|x64.ActiveCfg = Release|x64
		{150B9F3E-3DEE-46DD-9143-DE6996BC31B6}.Release|x64.Build.0 = Release|x64
		{150B9F3E-3DEE-46DD-9143-DE6996BC31B6}.Release|x86.ActiveCfg = Release|x86
		{150B9F3E-3DEE-46DD-9143-DE6996BC31B6}.Release|x86.Build.0 = Release|x86
		{931E3F85-DD4D-45B9-8EB9-3D0B461C5727}.Debug|Any CPU.ActiveCfg = Debug|Any CPU
		{931E3F85-DD4D-45B9-8EB9-3D0B461C5727}.Debug|Any CPU.Build.0 = Debug|Any CPU
		{931E3F85-DD4D-45B9-8EB9-3D0B461C5727}.Debug|x64.ActiveCfg = Debug|x64
		{931E3F85-DD4D-45B9-8EB9-3D0B461C5727}.Debug|x64.Build.0 = Debug|x64
		{931E3F85-DD4D-45B9-8EB9-3D0B461C5727}.Debug|x86.ActiveCfg = Debug|x86
		{931E3F85-DD4D-45B9-8EB9-3D0B461C5727}.Debug|x86.Build.0 = Debug|x86
		{931E3F85-DD4D-45B9-8EB9-3D0B461C5727}.Release|Any CPU.ActiveCfg = Release|Any CPU
		{931E3F85-DD4D-45B9-8EB9-3D0B461C5727}.Release|Any CPU.Build.0 = Release|Any CPU
		{931E3F85-DD4D-45B9-8EB9-3D0B461C5727}.Release|x64.ActiveCfg = Release|x64
		{931E3F85-DD4D-45B9-8EB9-3D0B461C5727}.Release|x64.Build.0 = Release|x64
		{931E3F85-DD4D-45B9-8EB9-3D0B461C5727}.Release|x86.ActiveCfg = Release|x86
		{931E3F85-DD4D-45B9-8EB9-3D0B461C5727}.Release|x86.Build.0 = Release|x86
		{686E8C79-83B7-4AC2-9421-0DF0F8966A87}.Debug|Any CPU.ActiveCfg = Debug|Any CPU
		{686E8C79-83B7-4AC2-9421-0DF0F8966A87}.Debug|Any CPU.Build.0 = Debug|Any CPU
		{686E8C79-83B7-4AC2-9421-0DF0F8966A87}.Debug|x64.ActiveCfg = Debug|x64
		{686E8C79-83B7-4AC2-9421-0DF0F8966A87}.Debug|x64.Build.0 = Debug|x64
		{686E8C79-83B7-4AC2-9421-0DF0F8966A87}.Debug|x86.ActiveCfg = Debug|x86
		{686E8C79-83B7-4AC2-9421-0DF0F8966A87}.Debug|x86.Build.0 = Debug|x86
		{686E8C79-83B7-4AC2-9421-0DF0F8966A87}.Release|Any CPU.ActiveCfg = Release|Any CPU
		{686E8C79-83B7-4AC2-9421-0DF0F8966A87}.Release|Any CPU.Build.0 = Release|Any CPU
		{686E8C79-83B7-4AC2-9421-0DF0F8966A87}.Release|x64.ActiveCfg = Release|x64
		{686E8C79-83B7-4AC2-9421-0DF0F8966A87}.Release|x64.Build.0 = Release|x64
		{686E8C79-83B7-4AC2-9421-0DF0F8966A87}.Release|x86.ActiveCfg = Release|x86
		{686E8C79-83B7-4AC2-9421-0DF0F8966A87}.Release|x86.Build.0 = Release|x86
		{3B330EB9-8CCE-4E63-80DE-92AC8229DD20}.Debug|Any CPU.ActiveCfg = Debug|Any CPU
		{3B330EB9-8CCE-4E63-80DE-92AC8229DD20}.Debug|Any CPU.Build.0 = Debug|Any CPU
		{3B330EB9-8CCE-4E63-80DE-92AC8229DD20}.Debug|x64.ActiveCfg = Debug|x64
		{3B330EB9-8CCE-4E63-80DE-92AC8229DD20}.Debug|x64.Build.0 = Debug|x64
		{3B330EB9-8CCE-4E63-80DE-92AC8229DD20}.Debug|x86.ActiveCfg = Debug|x86
		{3B330EB9-8CCE-4E63-80DE-92AC8229DD20}.Debug|x86.Build.0 = Debug|x86
		{3B330EB9-8CCE-4E63-80DE-92AC8229DD20}.Release|Any CPU.ActiveCfg = Release|Any CPU
		{3B330EB9-8CCE-4E63-80DE-92AC8229DD20}.Release|Any CPU.Build.0 = Release|Any CPU
		{3B330EB9-8CCE-4E63-80DE-92AC8229DD20}.Release|x64.ActiveCfg = Release|x64
		{3B330EB9-8CCE-4E63-80DE-92AC8229DD20}.Release|x64.Build.0 = Release|x64
		{3B330EB9-8CCE-4E63-80DE-92AC8229DD20}.Release|x86.ActiveCfg = Release|x86
		{3B330EB9-8CCE-4E63-80DE-92AC8229DD20}.Release|x86.Build.0 = Release|x86
		{E66DA85A-94AF-4968-8972-E1597009A424}.Debug|Any CPU.ActiveCfg = Debug|Any CPU
		{E66DA85A-94AF-4968-8972-E1597009A424}.Debug|Any CPU.Build.0 = Debug|Any CPU
		{E66DA85A-94AF-4968-8972-E1597009A424}.Debug|x64.ActiveCfg = Debug|x64
		{E66DA85A-94AF-4968-8972-E1597009A424}.Debug|x64.Build.0 = Debug|x64
		{E66DA85A-94AF-4968-8972-E1597009A424}.Debug|x86.ActiveCfg = Debug|x86
		{E66DA85A-94AF-4968-8972-E1597009A424}.Debug|x86.Build.0 = Debug|x86
		{E66DA85A-94AF-4968-8972-E1597009A424}.Release|Any CPU.ActiveCfg = Release|Any CPU
		{E66DA85A-94AF-4968-8972-E1597009A424}.Release|Any CPU.Build.0 = Release|Any CPU
		{E66DA85A-94AF-4968-8972-E1597009A424}.Release|x64.ActiveCfg = Release|x64
		{E66DA85A-94AF-4968-8972-E1597009A424}.Release|x64.Build.0 = Release|x64
		{E66DA85A-94AF-4968-8972-E1597009A424}.Release|x86.ActiveCfg = Release|x86
		{E66DA85A-94AF-4968-8972-E1597009A424}.Release|x86.Build.0 = Release|x86
		{65AA843A-65BE-4DAB-BB77-747C7DA3AD31}.Debug|Any CPU.ActiveCfg = Debug|Any CPU
		{65AA843A-65BE-4DAB-BB77-747C7DA3AD31}.Debug|Any CPU.Build.0 = Debug|Any CPU
		{65AA843A-65BE-4DAB-BB77-747C7DA3AD31}.Debug|x64.ActiveCfg = Debug|x64
		{65AA843A-65BE-4DAB-BB77-747C7DA3AD31}.Debug|x64.Build.0 = Debug|x64
		{65AA843A-65BE-4DAB-BB77-747C7DA3AD31}.Debug|x86.ActiveCfg = Debug|x86
		{65AA843A-65BE-4DAB-BB77-747C7DA3AD31}.Debug|x86.Build.0 = Debug|x86
		{65AA843A-65BE-4DAB-BB77-747C7DA3AD31}.Release|Any CPU.ActiveCfg = Release|Any CPU
		{65AA843A-65BE-4DAB-BB77-747C7DA3AD31}.Release|Any CPU.Build.0 = Release|Any CPU
		{65AA843A-65BE-4DAB-BB77-747C7DA3AD31}.Release|x64.ActiveCfg = Release|x64
		{65AA843A-65BE-4DAB-BB77-747C7DA3AD31}.Release|x64.Build.0 = Release|x64
		{65AA843A-65BE-4DAB-BB77-747C7DA3AD31}.Release|x86.ActiveCfg = Release|x86
		{65AA843A-65BE-4DAB-BB77-747C7DA3AD31}.Release|x86.Build.0 = Release|x86
		{DDF7E85A-9FE3-498F-ACD1-83B097518F72}.Debug|Any CPU.ActiveCfg = Debug|Any CPU
		{DDF7E85A-9FE3-498F-ACD1-83B097518F72}.Debug|Any CPU.Build.0 = Debug|Any CPU
		{DDF7E85A-9FE3-498F-ACD1-83B097518F72}.Debug|x64.ActiveCfg = Debug|x64
		{DDF7E85A-9FE3-498F-ACD1-83B097518F72}.Debug|x64.Build.0 = Debug|x64
		{DDF7E85A-9FE3-498F-ACD1-83B097518F72}.Debug|x86.ActiveCfg = Debug|x86
		{DDF7E85A-9FE3-498F-ACD1-83B097518F72}.Debug|x86.Build.0 = Debug|x86
		{DDF7E85A-9FE3-498F-ACD1-83B097518F72}.Release|Any CPU.ActiveCfg = Release|Any CPU
		{DDF7E85A-9FE3-498F-ACD1-83B097518F72}.Release|Any CPU.Build.0 = Release|Any CPU
		{DDF7E85A-9FE3-498F-ACD1-83B097518F72}.Release|x64.ActiveCfg = Release|x64
		{DDF7E85A-9FE3-498F-ACD1-83B097518F72}.Release|x64.Build.0 = Release|x64
		{DDF7E85A-9FE3-498F-ACD1-83B097518F72}.Release|x86.ActiveCfg = Release|x86
		{DDF7E85A-9FE3-498F-ACD1-83B097518F72}.Release|x86.Build.0 = Release|x86
		{54F4B9A2-B2F7-4AE4-B5D7-37BE14AEBCA3}.Debug|Any CPU.ActiveCfg = Debug|Any CPU
		{54F4B9A2-B2F7-4AE4-B5D7-37BE14AEBCA3}.Debug|Any CPU.Build.0 = Debug|Any CPU
		{54F4B9A2-B2F7-4AE4-B5D7-37BE14AEBCA3}.Debug|x64.ActiveCfg = Debug|x64
		{54F4B9A2-B2F7-4AE4-B5D7-37BE14AEBCA3}.Debug|x64.Build.0 = Debug|x64
		{54F4B9A2-B2F7-4AE4-B5D7-37BE14AEBCA3}.Debug|x86.ActiveCfg = Debug|x86
		{54F4B9A2-B2F7-4AE4-B5D7-37BE14AEBCA3}.Debug|x86.Build.0 = Debug|x86
		{54F4B9A2-B2F7-4AE4-B5D7-37BE14AEBCA3}.Release|Any CPU.ActiveCfg = Release|Any CPU
		{54F4B9A2-B2F7-4AE4-B5D7-37BE14AEBCA3}.Release|Any CPU.Build.0 = Release|Any CPU
		{54F4B9A2-B2F7-4AE4-B5D7-37BE14AEBCA3}.Release|x64.ActiveCfg = Release|x64
		{54F4B9A2-B2F7-4AE4-B5D7-37BE14AEBCA3}.Release|x64.Build.0 = Release|x64
		{54F4B9A2-B2F7-4AE4-B5D7-37BE14AEBCA3}.Release|x86.ActiveCfg = Release|x86
		{54F4B9A2-B2F7-4AE4-B5D7-37BE14AEBCA3}.Release|x86.Build.0 = Release|x86
		{FBB1DA4F-402F-4CAC-8256-1EF11DAB3DED}.Debug|Any CPU.ActiveCfg = Debug|Any CPU
		{FBB1DA4F-402F-4CAC-8256-1EF11DAB3DED}.Debug|Any CPU.Build.0 = Debug|Any CPU
		{FBB1DA4F-402F-4CAC-8256-1EF11DAB3DED}.Debug|x64.ActiveCfg = Debug|x64
		{FBB1DA4F-402F-4CAC-8256-1EF11DAB3DED}.Debug|x64.Build.0 = Debug|x64
		{FBB1DA4F-402F-4CAC-8256-1EF11DAB3DED}.Debug|x86.ActiveCfg = Debug|x86
		{FBB1DA4F-402F-4CAC-8256-1EF11DAB3DED}.Debug|x86.Build.0 = Debug|x86
		{FBB1DA4F-402F-4CAC-8256-1EF11DAB3DED}.Release|Any CPU.ActiveCfg = Release|Any CPU
		{FBB1DA4F-402F-4CAC-8256-1EF11DAB3DED}.Release|Any CPU.Build.0 = Release|Any CPU
		{FBB1DA4F-402F-4CAC-8256-1EF11DAB3DED}.Release|x64.ActiveCfg = Release|x64
		{FBB1DA4F-402F-4CAC-8256-1EF11DAB3DED}.Release|x64.Build.0 = Release|x64
		{FBB1DA4F-402F-4CAC-8256-1EF11DAB3DED}.Release|x86.ActiveCfg = Release|x86
		{FBB1DA4F-402F-4CAC-8256-1EF11DAB3DED}.Release|x86.Build.0 = Release|x86
		{E4A4132D-A5FA-4260-A7B9-50B3BA1965D5}.Debug|Any CPU.ActiveCfg = Debug|Any CPU
		{E4A4132D-A5FA-4260-A7B9-50B3BA1965D5}.Debug|Any CPU.Build.0 = Debug|Any CPU
		{E4A4132D-A5FA-4260-A7B9-50B3BA1965D5}.Debug|x64.ActiveCfg = Debug|x64
		{E4A4132D-A5FA-4260-A7B9-50B3BA1965D5}.Debug|x64.Build.0 = Debug|x64
		{E4A4132D-A5FA-4260-A7B9-50B3BA1965D5}.Debug|x86.ActiveCfg = Debug|x86
		{E4A4132D-A5FA-4260-A7B9-50B3BA1965D5}.Debug|x86.Build.0 = Debug|x86
		{E4A4132D-A5FA-4260-A7B9-50B3BA1965D5}.Release|Any CPU.ActiveCfg = Release|Any CPU
		{E4A4132D-A5FA-4260-A7B9-50B3BA1965D5}.Release|Any CPU.Build.0 = Release|Any CPU
		{E4A4132D-A5FA-4260-A7B9-50B3BA1965D5}.Release|x64.ActiveCfg = Release|x64
		{E4A4132D-A5FA-4260-A7B9-50B3BA1965D5}.Release|x64.Build.0 = Release|x64
		{E4A4132D-A5FA-4260-A7B9-50B3BA1965D5}.Release|x86.ActiveCfg = Release|x86
		{E4A4132D-A5FA-4260-A7B9-50B3BA1965D5}.Release|x86.Build.0 = Release|x86
		{39FFB298-219D-465A-83B4-E6915AB73F31}.Debug|Any CPU.ActiveCfg = Debug|Any CPU
		{39FFB298-219D-465A-83B4-E6915AB73F31}.Debug|Any CPU.Build.0 = Debug|Any CPU
		{39FFB298-219D-465A-83B4-E6915AB73F31}.Debug|x64.ActiveCfg = Debug|x64
		{39FFB298-219D-465A-83B4-E6915AB73F31}.Debug|x64.Build.0 = Debug|x64
		{39FFB298-219D-465A-83B4-E6915AB73F31}.Debug|x86.ActiveCfg = Debug|x86
		{39FFB298-219D-465A-83B4-E6915AB73F31}.Debug|x86.Build.0 = Debug|x86
		{39FFB298-219D-465A-83B4-E6915AB73F31}.Release|Any CPU.ActiveCfg = Release|Any CPU
		{39FFB298-219D-465A-83B4-E6915AB73F31}.Release|Any CPU.Build.0 = Release|Any CPU
		{39FFB298-219D-465A-83B4-E6915AB73F31}.Release|x64.ActiveCfg = Release|x64
		{39FFB298-219D-465A-83B4-E6915AB73F31}.Release|x64.Build.0 = Release|x64
		{39FFB298-219D-465A-83B4-E6915AB73F31}.Release|x86.ActiveCfg = Release|x86
		{39FFB298-219D-465A-83B4-E6915AB73F31}.Release|x86.Build.0 = Release|x86
		{8EE5CA9F-D798-4B89-BA15-D2711414FD64}.Debug|Any CPU.ActiveCfg = Debug|Any CPU
		{8EE5CA9F-D798-4B89-BA15-D2711414FD64}.Debug|Any CPU.Build.0 = Debug|Any CPU
		{8EE5CA9F-D798-4B89-BA15-D2711414FD64}.Debug|x64.ActiveCfg = Debug|x64
		{8EE5CA9F-D798-4B89-BA15-D2711414FD64}.Debug|x64.Build.0 = Debug|x64
		{8EE5CA9F-D798-4B89-BA15-D2711414FD64}.Debug|x86.ActiveCfg = Debug|x86
		{8EE5CA9F-D798-4B89-BA15-D2711414FD64}.Debug|x86.Build.0 = Debug|x86
		{8EE5CA9F-D798-4B89-BA15-D2711414FD64}.Release|Any CPU.ActiveCfg = Release|Any CPU
		{8EE5CA9F-D798-4B89-BA15-D2711414FD64}.Release|Any CPU.Build.0 = Release|Any CPU
		{8EE5CA9F-D798-4B89-BA15-D2711414FD64}.Release|x64.ActiveCfg = Release|x64
		{8EE5CA9F-D798-4B89-BA15-D2711414FD64}.Release|x64.Build.0 = Release|x64
		{8EE5CA9F-D798-4B89-BA15-D2711414FD64}.Release|x86.ActiveCfg = Release|x86
		{8EE5CA9F-D798-4B89-BA15-D2711414FD64}.Release|x86.Build.0 = Release|x86
		{4EAF16F4-DEE8-4837-82A9-55C445F79576}.Debug|Any CPU.ActiveCfg = Debug|Any CPU
		{4EAF16F4-DEE8-4837-82A9-55C445F79576}.Debug|Any CPU.Build.0 = Debug|Any CPU
		{4EAF16F4-DEE8-4837-82A9-55C445F79576}.Debug|x64.ActiveCfg = Debug|Any CPU
		{4EAF16F4-DEE8-4837-82A9-55C445F79576}.Debug|x64.Build.0 = Debug|Any CPU
		{4EAF16F4-DEE8-4837-82A9-55C445F79576}.Debug|x86.ActiveCfg = Debug|Any CPU
		{4EAF16F4-DEE8-4837-82A9-55C445F79576}.Debug|x86.Build.0 = Debug|Any CPU
		{4EAF16F4-DEE8-4837-82A9-55C445F79576}.Release|Any CPU.ActiveCfg = Release|Any CPU
		{4EAF16F4-DEE8-4837-82A9-55C445F79576}.Release|Any CPU.Build.0 = Release|Any CPU
		{4EAF16F4-DEE8-4837-82A9-55C445F79576}.Release|x64.ActiveCfg = Release|Any CPU
		{4EAF16F4-DEE8-4837-82A9-55C445F79576}.Release|x64.Build.0 = Release|Any CPU
		{4EAF16F4-DEE8-4837-82A9-55C445F79576}.Release|x86.ActiveCfg = Release|Any CPU
		{4EAF16F4-DEE8-4837-82A9-55C445F79576}.Release|x86.Build.0 = Release|Any CPU
		{DB356BBE-06DE-4F6B-9BFB-48D31A1FCE3F}.Debug|Any CPU.ActiveCfg = Debug|Any CPU
		{DB356BBE-06DE-4F6B-9BFB-48D31A1FCE3F}.Debug|Any CPU.Build.0 = Debug|Any CPU
		{DB356BBE-06DE-4F6B-9BFB-48D31A1FCE3F}.Debug|x64.ActiveCfg = Debug|Any CPU
		{DB356BBE-06DE-4F6B-9BFB-48D31A1FCE3F}.Debug|x64.Build.0 = Debug|Any CPU
		{DB356BBE-06DE-4F6B-9BFB-48D31A1FCE3F}.Debug|x86.ActiveCfg = Debug|Any CPU
		{DB356BBE-06DE-4F6B-9BFB-48D31A1FCE3F}.Debug|x86.Build.0 = Debug|Any CPU
		{DB356BBE-06DE-4F6B-9BFB-48D31A1FCE3F}.Release|Any CPU.ActiveCfg = Release|Any CPU
		{DB356BBE-06DE-4F6B-9BFB-48D31A1FCE3F}.Release|Any CPU.Build.0 = Release|Any CPU
		{DB356BBE-06DE-4F6B-9BFB-48D31A1FCE3F}.Release|x64.ActiveCfg = Release|Any CPU
		{DB356BBE-06DE-4F6B-9BFB-48D31A1FCE3F}.Release|x64.Build.0 = Release|Any CPU
		{DB356BBE-06DE-4F6B-9BFB-48D31A1FCE3F}.Release|x86.ActiveCfg = Release|Any CPU
		{DB356BBE-06DE-4F6B-9BFB-48D31A1FCE3F}.Release|x86.Build.0 = Release|Any CPU
		{34C76871-C3E2-4C41-B99A-B927D36537A1}.Debug|Any CPU.ActiveCfg = Debug|Any CPU
		{34C76871-C3E2-4C41-B99A-B927D36537A1}.Debug|Any CPU.Build.0 = Debug|Any CPU
		{34C76871-C3E2-4C41-B99A-B927D36537A1}.Debug|x64.ActiveCfg = Debug|Any CPU
		{34C76871-C3E2-4C41-B99A-B927D36537A1}.Debug|x64.Build.0 = Debug|Any CPU
		{34C76871-C3E2-4C41-B99A-B927D36537A1}.Debug|x86.ActiveCfg = Debug|Any CPU
		{34C76871-C3E2-4C41-B99A-B927D36537A1}.Debug|x86.Build.0 = Debug|Any CPU
		{34C76871-C3E2-4C41-B99A-B927D36537A1}.Release|Any CPU.ActiveCfg = Release|Any CPU
		{34C76871-C3E2-4C41-B99A-B927D36537A1}.Release|Any CPU.Build.0 = Release|Any CPU
		{34C76871-C3E2-4C41-B99A-B927D36537A1}.Release|x64.ActiveCfg = Release|Any CPU
		{34C76871-C3E2-4C41-B99A-B927D36537A1}.Release|x64.Build.0 = Release|Any CPU
		{34C76871-C3E2-4C41-B99A-B927D36537A1}.Release|x86.ActiveCfg = Release|Any CPU
		{34C76871-C3E2-4C41-B99A-B927D36537A1}.Release|x86.Build.0 = Release|Any CPU
	EndGlobalSection
	GlobalSection(SolutionProperties) = preSolution
		HideSolutionNode = FALSE
	EndGlobalSection
	GlobalSection(ExtensibilityGlobals) = postSolution
		SolutionGuid = {D1B7DAB4-52EC-48D0-8313-9C0ED8D04C30}
	EndGlobalSection
EndGlobal
